
Microsoft Visual Studio Solution File, Format Version 12.00
# Visual Studio Version 17
VisualStudioVersion = 17.14.36616.10 d17.14
MinimumVisualStudioVersion = 10.0.40219.1
Project("{FAE04EC0-301F-11D3-BF4B-00C04F79EFBC}") = "UnlimitedPDF", "UnlimitedPDF\UnlimitedPDF.csproj", "{31B51558-BAE5-4709-87F6-6637BBFA5DCB}"
EndProject
Global
	GlobalSection(SolutionConfigurationPlatforms) = preSolution
		Debug|Any CPU = Debug|Any CPU
		Release|Any CPU = Release|Any CPU
	EndGlobalSection
	GlobalSection(ProjectConfigurationPlatforms) = postSolution
		{31B51558-BAE5-4709-87F6-6637BBFA5DCB}.Debug|Any CPU.ActiveCfg = Debug|Any CPU
		{31B51558-BAE5-4709-87F6-6637BBFA5DCB}.Debug|Any CPU.Build.0 = Debug|Any CPU
		{31B51558-BAE5-4709-87F6-6637BBFA5DCB}.Release|Any CPU.ActiveCfg = Release|Any CPU
		{31B51558-BAE5-4709-87F6-6637BBFA5DCB}.Release|Any CPU.Build.0 = Release|Any CPU
	EndGlobalSection
	GlobalSection(SolutionProperties) = preSolution
		HideSolutionNode = FALSE
	EndGlobalSection
	GlobalSection(ExtensibilityGlobals) = postSolution
		SolutionGuid = {A6E56B90-2903-40A9-B25B-22FA1ACB4037}
	EndGlobalSection
EndGlobal
